{
  "nodes": {
    "nixpkgs": {
      "locked": {
        "lastModified": 1771612669,
        "narHash": "sha256-NWCFzQPkU7YVZ5ILQxjrgAkJN2ggHwF8YMSEFTvmlh8=",
        "owner": "kompismoln",
        "repo": "nixpkgs",
        "rev": "58877e1d22288f5ce74a21d3c119d86395d837f2",
        "type": "github"
      },
      "original": {
        "owner": "kompismoln",
        "ref": "nixos-unstable",
        "repo": "nixpkgs",
        "type": "github"
      }
    },
    "root": {
      "inputs": {
        "nixpkgs": "nixpkgs"
      }
    }
  },
  "root": "root",
  "version": 7
}
